
Microsoft Visual Studio Solution File, Format Version 12.00
# Visual Studio 15
VisualStudioVersion = 15.0.27703.2042
MinimumVisualStudioVersion = 10.0.40219.1
Project("{E24C65DC-7377-472B-9ABA-BC803B73C61A}") = "EriCar", "EriCar\", "{8CA4C04B-7927-4EE7-94F9-702846832B1C}"
	ProjectSection(WebsiteProperties) = preProject
		TargetFrameworkMoniker = ".NETFramework,Version%3Dv4.6.1"
		Debug.AspNetCompiler.VirtualPath = "/localhost_57189"
		Debug.AspNetCompiler.PhysicalPath = "EriCar\"
		Debug.AspNetCompiler.TargetPath = "PrecompiledWeb\localhost_57189\"
		Debug.AspNetCompiler.Updateable = "true"
		Debug.AspNetCompiler.ForceOverwrite = "true"
		Debug.AspNetCompiler.FixedNames = "false"
		Debug.AspNetCompiler.Debug = "True"
		Release.AspNetCompiler.VirtualPath = "/localhost_57189"
		Release.AspNetCompiler.PhysicalPath = "EriCar\"
		Release.AspNetCompiler.TargetPath = "PrecompiledWeb\localhost_57189\"
		Release.AspNetCompiler.Updateable = "true"
		Release.AspNetCompiler.ForceOverwrite = "true"
		Release.AspNetCompiler.FixedNames = "false"
		Release.AspNetCompiler.Debug = "False"
		VWDPort = "57189"
		SlnRelativePath = "EriCar\"
		DefaultWebSiteLanguage = "Visual C#"
	EndProjectSection
EndProject
Global
	GlobalSection(SolutionConfigurationPlatforms) = preSolution
		Debug|Any CPU = Debug|Any CPU
	EndGlobalSection
	GlobalSection(ProjectConfigurationPlatforms) = postSolution
		{8CA4C04B-7927-4EE7-94F9-702846832B1C}.Debug|Any CPU.ActiveCfg = Debug|Any CPU
		{8CA4C04B-7927-4EE7-94F9-702846832B1C}.Debug|Any CPU.Build.0 = Debug|Any CPU
	EndGlobalSection
	GlobalSection(SolutionProperties) = preSolution
		HideSolutionNode = FALSE
	EndGlobalSection
	GlobalSection(ExtensibilityGlobals) = postSolution
		SolutionGuid = {B7598324-6178-4777-9E8C-90D194464C2B}
	EndGlobalSection
EndGlobal
